
Microsoft Visual Studio Solution File, Format Version 12.00
# Visual Studio Version 17
VisualStudioVersion = 17.0.31919.166
MinimumVisualStudioVersion = 10.0.40219.1
Project("{FAE04EC0-301F-11D3-BF4B-00C04F79EFBC}") = "BoothWatcher", "BoothWatcher.csproj", "{0875E00D-F02C-48D2-AAD9-B852B6E02D02}"
EndProject
Global
	GlobalSection(SolutionConfigurationPlatforms) = preSolution
		Debug|Any CPU = Debug|Any CPU
		Release|Any CPU = Release|Any CPU
	EndGlobalSection
	GlobalSection(ProjectConfigurationPlatforms) = postSolution
		{0875E00D-F02C-48D2-AAD9-B852B6E02D02}.Debug|Any CPU.ActiveCfg = Debug|Any CPU
		{0875E00D-F02C-48D2-AAD9-B852B6E02D02}.Debug|Any CPU.Build.0 = Debug|Any CPU
		{0875E00D-F02C-48D2-AAD9-B852B6E02D02}.Release|Any CPU.ActiveCfg = Release|Any CPU
		{0875E00D-F02C-48D2-AAD9-B852B6E02D02}.Release|Any CPU.Build.0 = Release|Any CPU
	EndGlobalSection
	GlobalSection(SolutionProperties) = preSolution
		HideSolutionNode = FALSE
	EndGlobalSection
	GlobalSection(ExtensibilityGlobals) = postSolution
		SolutionGuid = {9311649C-7DC5-4F89-A16B-6CD2A864A737}
	EndGlobalSection
EndGlobal
